
Microsoft Visual Studio Solution File, Format Version 12.00
# Visual Studio Version 17
VisualStudioVersion = 17.12.35707.178
MinimumVisualStudioVersion = 10.0.40219.1
Project("{2150E333-8FDC-42A3-9474-1A3956D46DE8}") = "Core", "Core", "{FC7BEB10-1CF4-4ACB-801D-A91961C14CAD}"
EndProject
Project("{FAE04EC0-301F-11D3-BF4B-00C04F79EFBC}") = "Domain", "Core\Domain\Domain.csproj", "{5DB7ECBA-C965-43F4-A1BE-0AD9CFF1FE60}"
EndProject
Project("{FAE04EC0-301F-11D3-BF4B-00C04F79EFBC}") = "Application", "Core\Application\Application.csproj", "{AC21849A-E881-46E0-8AB3-635BD9B5AED2}"
EndProject
Project("{2150E333-8FDC-42A3-9474-1A3956D46DE8}") = "Infrastructure", "Infrastructure", "{F12B5B4E-CE8C-4925-96B8-3B32DB77A7B1}"
EndProject
Project("{FAE04EC0-301F-11D3-BF4B-00C04F79EFBC}") = "Infrastructure", "Infrastructure\Infrastructure\Infrastructure.csproj", "{33CE31C8-261C-4994-B4C7-84E59757956E}"
EndProject
Project("{FAE04EC0-301F-11D3-BF4B-00C04F79EFBC}") = "Persistance", "Infrastructure\Persistance\Persistance.csproj", "{6845DB2E-5D5C-4F65-A5E0-EB18198EA03A}"
EndProject
Project("{2150E333-8FDC-42A3-9474-1A3956D46DE8}") = "Presentation", "Presentation", "{884AFD9F-1EC1-4A25-90D9-3F3BC4E03127}"
EndProject
Project("{FAE04EC0-301F-11D3-BF4B-00C04F79EFBC}") = "MontelaApi.API", "MontelaApi.API\MontelaApi.API.csproj", "{2E1776DD-7AE3-4F89-A2E5-F9DEB5415114}"
EndProject
Global
	GlobalSection(SolutionConfigurationPlatforms) = preSolution
		Debug|Any CPU = Debug|Any CPU
		Release|Any CPU = Release|Any CPU
	EndGlobalSection
	GlobalSection(ProjectConfigurationPlatforms) = postSolution
		{5DB7ECBA-C965-43F4-A1BE-0AD9CFF1FE60}.Debug|Any CPU.ActiveCfg = Debug|Any CPU
		{5DB7ECBA-C965-43F4-A1BE-0AD9CFF1FE60}.Debug|Any CPU.Build.0 = Debug|Any CPU
		{5DB7ECBA-C965-43F4-A1BE-0AD9CFF1FE60}.Release|Any CPU.ActiveCfg = Release|Any CPU
		{5DB7ECBA-C965-43F4-A1BE-0AD9CFF1FE60}.Release|Any CPU.Build.0 = Release|Any CPU
		{AC21849A-E881-46E0-8AB3-635BD9B5AED2}.Debug|Any CPU.ActiveCfg = Debug|Any CPU
		{AC21849A-E881-46E0-8AB3-635BD9B5AED2}.Debug|Any CPU.Build.0 = Debug|Any CPU
		{AC21849A-E881-46E0-8AB3-635BD9B5AED2}.Release|Any CPU.ActiveCfg = Release|Any CPU
		{AC21849A-E881-46E0-8AB3-635BD9B5AED2}.Release|Any CPU.Build.0 = Release|Any CPU
		{33CE31C8-261C-4994-B4C7-84E59757956E}.Debug|Any CPU.ActiveCfg = Debug|Any CPU
		{33CE31C8-261C-4994-B4C7-84E59757956E}.Debug|Any CPU.Build.0 = Debug|Any CPU
		{33CE31C8-261C-4994-B4C7-84E59757956E}.Release|Any CPU.ActiveCfg = Release|Any CPU
		{33CE31C8-261C-4994-B4C7-84E59757956E}.Release|Any CPU.Build.0 = Release|Any CPU
		{6845DB2E-5D5C-4F65-A5E0-EB18198EA03A}.Debug|Any CPU.ActiveCfg = Debug|Any CPU
		{6845DB2E-5D5C-4F65-A5E0-EB18198EA03A}.Debug|Any CPU.Build.0 = Debug|Any CPU
		{6845DB2E-5D5C-4F65-A5E0-EB18198EA03A}.Release|Any CPU.ActiveCfg = Release|Any CPU
		{6845DB2E-5D5C-4F65-A5E0-EB18198EA03A}.Release|Any CPU.Build.0 = Release|Any CPU
		{2E1776DD-7AE3-4F89-A2E5-F9DEB5415114}.Debug|Any CPU.ActiveCfg = Debug|Any CPU
		{2E1776DD-7AE3-4F89-A2E5-F9DEB5415114}.Debug|Any CPU.Build.0 = Debug|Any CPU
		{2E1776DD-7AE3-4F89-A2E5-F9DEB5415114}.Release|Any CPU.ActiveCfg = Release|Any CPU
		{2E1776DD-7AE3-4F89-A2E5-F9DEB5415114}.Release|Any CPU.Build.0 = Release|Any CPU
	EndGlobalSection
	GlobalSection(SolutionProperties) = preSolution
		HideSolutionNode = FALSE
	EndGlobalSection
	GlobalSection(NestedProjects) = preSolution
		{5DB7ECBA-C965-43F4-A1BE-0AD9CFF1FE60} = {FC7BEB10-1CF4-4ACB-801D-A91961C14CAD}
		{AC21849A-E881-46E0-8AB3-635BD9B5AED2} = {FC7BEB10-1CF4-4ACB-801D-A91961C14CAD}
		{33CE31C8-261C-4994-B4C7-84E59757956E} = {F12B5B4E-CE8C-4925-96B8-3B32DB77A7B1}
		{6845DB2E-5D5C-4F65-A5E0-EB18198EA03A} = {F12B5B4E-CE8C-4925-96B8-3B32DB77A7B1}
		{2E1776DD-7AE3-4F89-A2E5-F9DEB5415114} = {884AFD9F-1EC1-4A25-90D9-3F3BC4E03127}
	EndGlobalSection
EndGlobal
